
Microsoft Visual Studio Solution File, Format Version 12.00
# Visual Studio 15
VisualStudioVersion = 15.0.26124.0
MinimumVisualStudioVersion = 15.0.26124.0
Project("{2150E333-8FDC-42A3-9474-1A3956D46DE8}") = "1 - Application", "1 - Application", "{93D9A370-6249-11EA-B451-53649A13701E}"
EndProject
Project("{FAE04EC0-301F-11D3-BF4B-00C04F79EFBC}") = "Social.Application", "Social.Application\Social.Application.csproj", "{8164BB1A-2144-48C5-967B-43CDE8433F22}"
EndProject
Project("{2150E333-8FDC-42A3-9474-1A3956D46DE8}") = "2 - Domain", "2 - Domain", "{215D8360-624A-11EA-B451-53649A13701E}"
EndProject
Project("{2150E333-8FDC-42A3-9474-1A3956D46DE8}") = "3 - Service", "3 - Service", "{265AAC80-624A-11EA-B451-53649A13701E}"
EndProject
Project("{2150E333-8FDC-42A3-9474-1A3956D46DE8}") = "5 - Test", "5 - Test", "{32D6A090-624A-11EA-B451-53649A13701E}"
EndProject
Project("{FAE04EC0-301F-11D3-BF4B-00C04F79EFBC}") = "Social.Domain", "Social.Domain\Social.Domain.csproj", "{0B72B44B-BC95-405D-A669-17E047438EDD}"
EndProject
Project("{FAE04EC0-301F-11D3-BF4B-00C04F79EFBC}") = "Social.Service", "Social.Service\Social.Service.csproj", "{7F3EBABE-60E7-419E-A90B-5EDC60EA2D7A}"
EndProject
Project("{FAE04EC0-301F-11D3-BF4B-00C04F79EFBC}") = "Social.Test", "Social.Test\Social.Test.csproj", "{903D64E4-3CD1-4669-8EC5-95936A8A1F62}"
EndProject
Project("{2150E333-8FDC-42A3-9474-1A3956D46DE8}") = "4 - Infra", "4 - Infra", "{16C2B920-624F-11EA-B451-53649A13701E}"
EndProject
Project("{2150E333-8FDC-42A3-9474-1A3956D46DE8}") = "4.1 - Data", "4.1 - Data", "{1D884630-624F-11EA-B451-53649A13701E}"
EndProject
Project("{2150E333-8FDC-42A3-9474-1A3956D46DE8}") = "4.2 - CrossCutting", "4.2 - CrossCutting", "{26F7E4A0-624F-11EA-B451-53649A13701E}"
EndProject
Project("{FAE04EC0-301F-11D3-BF4B-00C04F79EFBC}") = "Social.Infra.Data", "Social.Infra.Data\Social.Infra.Data.csproj", "{FBABC3EC-D972-4DCB-9822-EED0DE0B8BA5}"
EndProject
Project("{FAE04EC0-301F-11D3-BF4B-00C04F79EFBC}") = "Social.Infra.CrossCutting", "Social.Infra.CrossCutting\Social.Infra.CrossCutting.csproj", "{BDB36632-03CD-44B2-BCCA-2549EC2CD0D7}"
EndProject
Global
	GlobalSection(SolutionConfigurationPlatforms) = preSolution
		Debug|Any CPU = Debug|Any CPU
		Debug|x64 = Debug|x64
		Debug|x86 = Debug|x86
		Release|Any CPU = Release|Any CPU
		Release|x64 = Release|x64
		Release|x86 = Release|x86
	EndGlobalSection
	GlobalSection(SolutionProperties) = preSolution
		HideSolutionNode = FALSE
	EndGlobalSection
	GlobalSection(ProjectConfigurationPlatforms) = postSolution
		{8164BB1A-2144-48C5-967B-43CDE8433F22}.Debug|Any CPU.ActiveCfg = Debug|Any CPU
		{8164BB1A-2144-48C5-967B-43CDE8433F22}.Debug|Any CPU.Build.0 = Debug|Any CPU
		{8164BB1A-2144-48C5-967B-43CDE8433F22}.Debug|x64.ActiveCfg = Debug|Any CPU
		{8164BB1A-2144-48C5-967B-43CDE8433F22}.Debug|x64.Build.0 = Debug|Any CPU
		{8164BB1A-2144-48C5-967B-43CDE8433F22}.Debug|x86.ActiveCfg = Debug|Any CPU
		{8164BB1A-2144-48C5-967B-43CDE8433F22}.Debug|x86.Build.0 = Debug|Any CPU
		{8164BB1A-2144-48C5-967B-43CDE8433F22}.Release|Any CPU.ActiveCfg = Release|Any CPU
		{8164BB1A-2144-48C5-967B-43CDE8433F22}.Release|Any CPU.Build.0 = Release|Any CPU
		{8164BB1A-2144-48C5-967B-43CDE8433F22}.Release|x64.ActiveCfg = Release|Any CPU
		{8164BB1A-2144-48C5-967B-43CDE8433F22}.Release|x64.Build.0 = Release|Any CPU
		{8164BB1A-2144-48C5-967B-43CDE8433F22}.Release|x86.ActiveCfg = Release|Any CPU
		{8164BB1A-2144-48C5-967B-43CDE8433F22}.Release|x86.Build.0 = Release|Any CPU
		{0B72B44B-BC95-405D-A669-17E047438EDD}.Debug|Any CPU.ActiveCfg = Debug|Any CPU
		{0B72B44B-BC95-405D-A669-17E047438EDD}.Debug|Any CPU.Build.0 = Debug|Any CPU
		{0B72B44B-BC95-405D-A669-17E047438EDD}.Debug|x64.ActiveCfg = Debug|Any CPU
		{0B72B44B-BC95-405D-A669-17E047438EDD}.Debug|x64.Build.0 = Debug|Any CPU
		{0B72B44B-BC95-405D-A669-17E047438EDD}.Debug|x86.ActiveCfg = Debug|Any CPU
		{0B72B44B-BC95-405D-A669-17E047438EDD}.Debug|x86.Build.0 = Debug|Any CPU
		{0B72B44B-BC95-405D-A669-17E047438EDD}.Release|Any CPU.ActiveCfg = Release|Any CPU
		{0B72B44B-BC95-405D-A669-17E047438EDD}.Release|Any CPU.Build.0 = Release|Any CPU
		{0B72B44B-BC95-405D-A669-17E047438EDD}.Release|x64.ActiveCfg = Release|Any CPU
		{0B72B44B-BC95-405D-A669-17E047438EDD}.Release|x64.Build.0 = Release|Any CPU
		{0B72B44B-BC95-405D-A669-17E047438EDD}.Release|x86.ActiveCfg = Release|Any CPU
		{0B72B44B-BC95-405D-A669-17E047438EDD}.Release|x86.Build.0 = Release|Any CPU
		{7F3EBABE-60E7-419E-A90B-5EDC60EA2D7A}.Debug|Any CPU.ActiveCfg = Debug|Any CPU
		{7F3EBABE-60E7-419E-A90B-5EDC60EA2D7A}.Debug|Any CPU.Build.0 = Debug|Any CPU
		{7F3EBABE-60E7-419E-A90B-5EDC60EA2D7A}.Debug|x64.ActiveCfg = Debug|Any CPU
		{7F3EBABE-60E7-419E-A90B-5EDC60EA2D7A}.Debug|x64.Build.0 = Debug|Any CPU
		{7F3EBABE-60E7-419E-A90B-5EDC60EA2D7A}.Debug|x86.ActiveCfg = Debug|Any CPU
		{7F3EBABE-60E7-419E-A90B-5EDC60EA2D7A}.Debug|x86.Build.0 = Debug|Any CPU
		{7F3EBABE-60E7-419E-A90B-5EDC60EA2D7A}.Release|Any CPU.ActiveCfg = Release|Any CPU
		{7F3EBABE-60E7-419E-A90B-5EDC60EA2D7A}.Release|Any CPU.Build.0 = Release|Any CPU
		{7F3EBABE-60E7-419E-A90B-5EDC60EA2D7A}.Release|x64.ActiveCfg = Release|Any CPU
		{7F3EBABE-60E7-419E-A90B-5EDC60EA2D7A}.Release|x64.Build.0 = Release|Any CPU
		{7F3EBABE-60E7-419E-A90B-5EDC60EA2D7A}.Release|x86.ActiveCfg = Release|Any CPU
		{7F3EBABE-60E7-419E-A90B-5EDC60EA2D7A}.Release|x86.Build.0 = Release|Any CPU
		{903D64E4-3CD1-4669-8EC5-95936A8A1F62}.Debug|Any CPU.ActiveCfg = Debug|Any CPU
		{903D64E4-3CD1-4669-8EC5-95936A8A1F62}.Debug|Any CPU.Build.0 = Debug|Any CPU
		{903D64E4-3CD1-4669-8EC5-95936A8A1F62}.Debug|x64.ActiveCfg = Debug|Any CPU
		{903D64E4-3CD1-4669-8EC5-95936A8A1F62}.Debug|x64.Build.0 = Debug|Any CPU
		{903D64E4-3CD1-4669-8EC5-95936A8A1F62}.Debug|x86.ActiveCfg = Debug|Any CPU
		{903D64E4-3CD1-4669-8EC5-95936A8A1F62}.Debug|x86.Build.0 = Debug|Any CPU
		{903D64E4-3CD1-4669-8EC5-95936A8A1F62}.Release|Any CPU.ActiveCfg = Release|Any CPU
		{903D64E4-3CD1-4669-8EC5-95936A8A1F62}.Release|Any CPU.Build.0 = Release|Any CPU
		{903D64E4-3CD1-4669-8EC5-95936A8A1F62}.Release|x64.ActiveCfg = Release|Any CPU
		{903D64E4-3CD1-4669-8EC5-95936A8A1F62}.Release|x64.Build.0 = Release|Any CPU
		{903D64E4-3CD1-4669-8EC5-95936A8A1F62}.Release|x86.ActiveCfg = Release|Any CPU
		{903D64E4-3CD1-4669-8EC5-95936A8A1F62}.Release|x86.Build.0 = Release|Any CPU
		{FBABC3EC-D972-4DCB-9822-EED0DE0B8BA5}.Debug|Any CPU.ActiveCfg = Debug|Any CPU
		{FBABC3EC-D972-4DCB-9822-EED0DE0B8BA5}.Debug|Any CPU.Build.0 = Debug|Any CPU
		{FBABC3EC-D972-4DCB-9822-EED0DE0B8BA5}.Debug|x64.ActiveCfg = Debug|Any CPU
		{FBABC3EC-D972-4DCB-9822-EED0DE0B8BA5}.Debug|x64.Build.0 = Debug|Any CPU
		{FBABC3EC-D972-4DCB-9822-EED0DE0B8BA5}.Debug|x86.ActiveCfg = Debug|Any CPU
		{FBABC3EC-D972-4DCB-9822-EED0DE0B8BA5}.Debug|x86.Build.0 = Debug|Any CPU
		{FBABC3EC-D972-4DCB-9822-EED0DE0B8BA5}.Release|Any CPU.ActiveCfg = Release|Any CPU
		{FBABC3EC-D972-4DCB-9822-EED0DE0B8BA5}.Release|Any CPU.Build.0 = Release|Any CPU
		{FBABC3EC-D972-4DCB-9822-EED0DE0B8BA5}.Release|x64.ActiveCfg = Release|Any CPU
		{FBABC3EC-D972-4DCB-9822-EED0DE0B8BA5}.Release|x64.Build.0 = Release|Any CPU
		{FBABC3EC-D972-4DCB-9822-EED0DE0B8BA5}.Release|x86.ActiveCfg = Release|Any CPU
		{FBABC3EC-D972-4DCB-9822-EED0DE0B8BA5}.Release|x86.Build.0 = Release|Any CPU
		{BDB36632-03CD-44B2-BCCA-2549EC2CD0D7}.Debug|Any CPU.ActiveCfg = Debug|Any CPU
		{BDB36632-03CD-44B2-BCCA-2549EC2CD0D7}.Debug|Any CPU.Build.0 = Debug|Any CPU
		{BDB36632-03CD-44B2-BCCA-2549EC2CD0D7}.Debug|x64.ActiveCfg = Debug|Any CPU
		{BDB36632-03CD-44B2-BCCA-2549EC2CD0D7}.Debug|x64.Build.0 = Debug|Any CPU
		{BDB36632-03CD-44B2-BCCA-2549EC2CD0D7}.Debug|x86.ActiveCfg = Debug|Any CPU
		{BDB36632-03CD-44B2-BCCA-2549EC2CD0D7}.Debug|x86.Build.0 = Debug|Any CPU
		{BDB36632-03CD-44B2-BCCA-2549EC2CD0D7}.Release|Any CPU.ActiveCfg = Release|Any CPU
		{BDB36632-03CD-44B2-BCCA-2549EC2CD0D7}.Release|Any CPU.Build.0 = Release|Any CPU
		{BDB36632-03CD-44B2-BCCA-2549EC2CD0D7}.Release|x64.ActiveCfg = Release|Any CPU
		{BDB36632-03CD-44B2-BCCA-2549EC2CD0D7}.Release|x64.Build.0 = Release|Any CPU
		{BDB36632-03CD-44B2-BCCA-2549EC2CD0D7}.Release|x86.ActiveCfg = Release|Any CPU
		{BDB36632-03CD-44B2-BCCA-2549EC2CD0D7}.Release|x86.Build.0 = Release|Any CPU
	EndGlobalSection
	GlobalSection(NestedProjects) = preSolution
		{FBABC3EC-D972-4DCB-9822-EED0DE0B8BA5} = {1D884630-624F-11EA-B451-53649A13701E}
		{BDB36632-03CD-44B2-BCCA-2549EC2CD0D7} = {26F7E4A0-624F-11EA-B451-53649A13701E}
		{26F7E4A0-624F-11EA-B451-53649A13701E} = {16C2B920-624F-11EA-B451-53649A13701E}
		{1D884630-624F-11EA-B451-53649A13701E} = {16C2B920-624F-11EA-B451-53649A13701E}
		{903D64E4-3CD1-4669-8EC5-95936A8A1F62} = {32D6A090-624A-11EA-B451-53649A13701E}
		{7F3EBABE-60E7-419E-A90B-5EDC60EA2D7A} = {265AAC80-624A-11EA-B451-53649A13701E}
		{0B72B44B-BC95-405D-A669-17E047438EDD} = {215D8360-624A-11EA-B451-53649A13701E}
		{8164BB1A-2144-48C5-967B-43CDE8433F22} = {93D9A370-6249-11EA-B451-53649A13701E}
	EndGlobalSection
EndGlobal
